
Microsoft Visual Studio Solution File, Format Version 12.00
# Visual Studio Version 17
VisualStudioVersion = 17.13.35818.85 d17.13
MinimumVisualStudioVersion = 10.0.40219.1
Project("{FAE04EC0-301F-11D3-BF4B-00C04F79EFBC}") = "phosphorite", "phosphorite\phosphorite.csproj", "{978FFA2D-C815-4F58-AD13-15A6C0A7F8B3}"
EndProject
Global
	GlobalSection(SolutionConfigurationPlatforms) = preSolution
		Debug|Any CPU = Debug|Any CPU
		Release|Any CPU = Release|Any CPU
	EndGlobalSection
	GlobalSection(ProjectConfigurationPlatforms) = postSolution
		{978FFA2D-C815-4F58-AD13-15A6C0A7F8B3}.Debug|Any CPU.ActiveCfg = Debug|Any CPU
		{978FFA2D-C815-4F58-AD13-15A6C0A7F8B3}.Debug|Any CPU.Build.0 = Debug|Any CPU
		{978FFA2D-C815-4F58-AD13-15A6C0A7F8B3}.Release|Any CPU.ActiveCfg = Release|Any CPU
		{978FFA2D-C815-4F58-AD13-15A6C0A7F8B3}.Release|Any CPU.Build.0 = Release|Any CPU
	EndGlobalSection
	GlobalSection(SolutionProperties) = preSolution
		HideSolutionNode = FALSE
	EndGlobalSection
	GlobalSection(ExtensibilityGlobals) = postSolution
		SolutionGuid = {20B28A4F-2EE5-42B2-BCF1-99637A7DA04E}
	EndGlobalSection
EndGlobal
